{
  "version": 4,
  "terraform_version": "0.12.19",
  "serial": 6,
  "lineage": "c3fa4868-0e72-f524-4e0f-3af6a2f3678e",
  "outputs": {
    "id": {
      "value": "/subscriptions/b95112e4-7fe7-4f99-a2bd-65ec04aaa72e/resourcegroups/dummy/providers/microsoft.operationalinsights/workspaces/dummyharikrishna",
      "type": "string"
    },
    "workspace_id": {
      "value": "36476900-f71b-45f7-b5b8-b520ebcf48ec",
      "type": "string"
    }
  },
  "resources": [
    {
      "mode": "managed",
      "type": "azurerm_log_analytics_solution",
      "name": "log_analytics",
      "provider": "provider.azurerm",
      "instances": [
        {
          "schema_version": 0,
          "attributes": {
            "id": "/subscriptions/b95112e4-7fe7-4f99-a2bd-65ec04aaa72e/resourcegroups/dummy/providers/Microsoft.OperationsManagement/solutions/ContainerInsights(dummyharikrishna)",
            "location": "westus",
            "plan": [
              {
                "name": "ContainerInsights(dummyharikrishna)",
                "product": "OMSGallery/ContainerInsights",
                "promotion_code": "",
                "publisher": "Microsoft"
              }
            ],
            "resource_group_name": "dummy",
            "solution_name": "ContainerInsights",
            "workspace_name": "dummyharikrishna",
            "workspace_resource_id": "/subscriptions/b95112e4-7fe7-4f99-a2bd-65ec04aaa72e/resourcegroups/dummy/providers/Microsoft.OperationalInsights/workspaces/dummyharikrishna"
          },
          "private": "bnVsbA==",
          "dependencies": [
            "azurerm_log_analytics_workspace.log_analytics"
          ]
        }
      ]
    },
    {
      "mode": "managed",
      "type": "azurerm_log_analytics_workspace",
      "name": "log_analytics",
      "provider": "provider.azurerm",
      "instances": [
        {
          "schema_version": 0,
          "attributes": {
            "id": "/subscriptions/b95112e4-7fe7-4f99-a2bd-65ec04aaa72e/resourcegroups/dummy/providers/microsoft.operationalinsights/workspaces/dummyharikrishna",
            "location": "westus",
            "name": "dummyharikrishna",
            "portal_url": "",
            "primary_shared_key": "p40mhLlXk2geMJMAYYpyMf7D0qxDyYRMnmWzORtrTe2viOArDu3X6PAqk0w4OqzC96nHYPL8w1CbjkN0ex4w7A==",
            "resource_group_name": "dummy",
            "retention_in_days": 30,
            "secondary_shared_key": "PBVCgI7hvu/edVeE5SJ5oFGCOwMA4XJRaNGxrpliYL1eai5WyCw9ZQtrqyEsbSWmNxUkcvY3ojV6wozhK5ch6g==",
            "sku": "standard",
            "tags": {},
            "workspace_id": "36476900-f71b-45f7-b5b8-b520ebcf48ec"
          },
          "private": "bnVsbA=="
        }
      ]
    }
  ]
}
