{
  "version": 4,
  "terraform_version": "0.12.19",
  "serial": 54,
  "lineage": "74574343-5cb8-e5cc-0d26-ac362eb30270",
  "outputs": {
    "azurerm_lb_backend_address_pool_id": {
      "value": "/subscriptions/b95112e4-7fe7-4f99-a2bd-65ec04aaa72e/resourceGroups/dummy/providers/Microsoft.Network/loadBalancers/azure_lb-lb/backendAddressPools/azure_lb-BackEndAddressPool",
      "type": "string"
    },
    "azurerm_lb_frontend_ip_configuration": {
      "value": [
        {
          "id": "/subscriptions/b95112e4-7fe7-4f99-a2bd-65ec04aaa72e/resourceGroups/dummy/providers/Microsoft.Network/loadBalancers/azure_lb-lb/frontendIPConfigurations/mypublicip",
          "inbound_nat_rules": [
            "/subscriptions/b95112e4-7fe7-4f99-a2bd-65ec04aaa72e/resourceGroups/dummy/providers/Microsoft.Network/loadBalancers/azure_lb-lb/inboundNatRules/VM-0"
          ],
          "load_balancer_rules": [
            "/subscriptions/b95112e4-7fe7-4f99-a2bd-65ec04aaa72e/resourceGroups/dummy/providers/Microsoft.Network/loadBalancers/azure_lb-lb/loadBalancingRules/http",
            "/subscriptions/b95112e4-7fe7-4f99-a2bd-65ec04aaa72e/resourceGroups/dummy/providers/Microsoft.Network/loadBalancers/azure_lb-lb/loadBalancingRules/https"
          ],
          "name": "mypublicip",
          "outbound_rules": [],
          "private_ip_address": "10.0.1.4",
          "private_ip_address_allocation": "Dynamic",
          "public_ip_address_id": "",
          "public_ip_prefix_id": "",
          "subnet_id": "/subscriptions/b95112e4-7fe7-4f99-a2bd-65ec04aaa72e/resourceGroups/dummy/providers/Microsoft.Network/virtualNetworks/dummy/subnets/subnet1",
          "zones": []
        }
      ],
      "type": [
        "list",
        [
          "object",
          {
            "id": "string",
            "inbound_nat_rules": [
              "set",
              "string"
            ],
            "load_balancer_rules": [
              "set",
              "string"
            ],
            "name": "string",
            "outbound_rules": [
              "set",
              "string"
            ],
            "private_ip_address": "string",
            "private_ip_address_allocation": "string",
            "public_ip_address_id": "string",
            "public_ip_prefix_id": "string",
            "subnet_id": "string",
            "zones": [
              "list",
              "string"
            ]
          }
        ]
      ]
    },
    "azurerm_lb_id": {
      "value": "/subscriptions/b95112e4-7fe7-4f99-a2bd-65ec04aaa72e/resourceGroups/dummy/providers/Microsoft.Network/loadBalancers/azure_lb-lb",
      "type": "string"
    },
    "azurerm_lb_nat_rule_ids": {
      "value": [
        "/subscriptions/b95112e4-7fe7-4f99-a2bd-65ec04aaa72e/resourceGroups/dummy/providers/Microsoft.Network/loadBalancers/azure_lb-lb/inboundNatRules/VM-0"
      ],
      "type": [
        "tuple",
        [
          "string"
        ]
      ]
    },
    "azurerm_lb_probe_ids": {
      "value": [
        "/subscriptions/b95112e4-7fe7-4f99-a2bd-65ec04aaa72e/resourceGroups/dummy/providers/Microsoft.Network/loadBalancers/azure_lb-lb/probes/http",
        "/subscriptions/b95112e4-7fe7-4f99-a2bd-65ec04aaa72e/resourceGroups/dummy/providers/Microsoft.Network/loadBalancers/azure_lb-lb/probes/https"
      ],
      "type": [
        "tuple",
        [
          "string",
          "string"
        ]
      ]
    },
    "azurerm_public_ip_address": {
      "value": [],
      "type": [
        "tuple",
        []
      ]
    },
    "azurerm_public_ip_id": {
      "value": [],
      "type": [
        "tuple",
        []
      ]
    }
  },
  "resources": [
    {
      "mode": "managed",
      "type": "azurerm_lb",
      "name": "azlb",
      "provider": "provider.azurerm",
      "instances": [
        {
          "schema_version": 0,
          "attributes": {
            "frontend_ip_configuration": [
              {
                "id": "/subscriptions/b95112e4-7fe7-4f99-a2bd-65ec04aaa72e/resourceGroups/dummy/providers/Microsoft.Network/loadBalancers/azure_lb-lb/frontendIPConfigurations/mypublicip",
                "inbound_nat_rules": [
                  "/subscriptions/b95112e4-7fe7-4f99-a2bd-65ec04aaa72e/resourceGroups/dummy/providers/Microsoft.Network/loadBalancers/azure_lb-lb/inboundNatRules/VM-0"
                ],
                "load_balancer_rules": [
                  "/subscriptions/b95112e4-7fe7-4f99-a2bd-65ec04aaa72e/resourceGroups/dummy/providers/Microsoft.Network/loadBalancers/azure_lb-lb/loadBalancingRules/http",
                  "/subscriptions/b95112e4-7fe7-4f99-a2bd-65ec04aaa72e/resourceGroups/dummy/providers/Microsoft.Network/loadBalancers/azure_lb-lb/loadBalancingRules/https"
                ],
                "name": "mypublicip",
                "outbound_rules": [],
                "private_ip_address": "10.0.1.4",
                "private_ip_address_allocation": "Dynamic",
                "public_ip_address_id": "",
                "public_ip_prefix_id": "",
                "subnet_id": "/subscriptions/b95112e4-7fe7-4f99-a2bd-65ec04aaa72e/resourceGroups/dummy/providers/Microsoft.Network/virtualNetworks/dummy/subnets/subnet1",
                "zones": []
              }
            ],
            "id": "/subscriptions/b95112e4-7fe7-4f99-a2bd-65ec04aaa72e/resourceGroups/dummy/providers/Microsoft.Network/loadBalancers/azure_lb-lb",
            "location": "westus",
            "name": "azure_lb-lb",
            "private_ip_address": "10.0.1.4",
            "private_ip_addresses": [
              "10.0.1.4"
            ],
            "resource_group_name": "dummy",
            "sku": "Basic",
            "tags": {
              "source": "terraform"
            }
          },
          "private": "bnVsbA==",
          "dependencies": [
            "azurerm_public_ip.azlb"
          ]
        }
      ]
    },
    {
      "mode": "managed",
      "type": "azurerm_lb_backend_address_pool",
      "name": "azlb",
      "provider": "provider.azurerm",
      "instances": [
        {
          "schema_version": 0,
          "attributes": {
            "backend_ip_configurations": [],
            "id": "/subscriptions/b95112e4-7fe7-4f99-a2bd-65ec04aaa72e/resourceGroups/dummy/providers/Microsoft.Network/loadBalancers/azure_lb-lb/backendAddressPools/azure_lb-BackEndAddressPool",
            "load_balancing_rules": [
              "/subscriptions/b95112e4-7fe7-4f99-a2bd-65ec04aaa72e/resourceGroups/dummy/providers/Microsoft.Network/loadBalancers/azure_lb-lb/loadBalancingRules/http",
              "/subscriptions/b95112e4-7fe7-4f99-a2bd-65ec04aaa72e/resourceGroups/dummy/providers/Microsoft.Network/loadBalancers/azure_lb-lb/loadBalancingRules/https"
            ],
            "loadbalancer_id": "/subscriptions/b95112e4-7fe7-4f99-a2bd-65ec04aaa72e/resourceGroups/dummy/providers/Microsoft.Network/loadBalancers/azure_lb-lb",
            "location": null,
            "name": "azure_lb-BackEndAddressPool",
            "resource_group_name": "dummy"
          },
          "private": "bnVsbA==",
          "dependencies": [
            "azurerm_lb.azlb",
            "azurerm_public_ip.azlb"
          ]
        }
      ]
    },
    {
      "mode": "managed",
      "type": "azurerm_lb_nat_rule",
      "name": "azlb",
      "each": "list",
      "provider": "provider.azurerm",
      "instances": [
        {
          "index_key": 0,
          "schema_version": 0,
          "attributes": {
            "backend_ip_configuration_id": null,
            "backend_port": 22,
            "enable_floating_ip": false,
            "enable_tcp_reset": false,
            "frontend_ip_configuration_id": "/subscriptions/b95112e4-7fe7-4f99-a2bd-65ec04aaa72e/resourceGroups/dummy/providers/Microsoft.Network/loadBalancers/azure_lb-lb/frontendIPConfigurations/mypublicip",
            "frontend_ip_configuration_name": "mypublicip",
            "frontend_port": 50001,
            "id": "/subscriptions/b95112e4-7fe7-4f99-a2bd-65ec04aaa72e/resourceGroups/dummy/providers/Microsoft.Network/loadBalancers/azure_lb-lb/inboundNatRules/VM-0",
            "idle_timeout_in_minutes": 4,
            "loadbalancer_id": "/subscriptions/b95112e4-7fe7-4f99-a2bd-65ec04aaa72e/resourceGroups/dummy/providers/Microsoft.Network/loadBalancers/azure_lb-lb",
            "location": null,
            "name": "VM-0",
            "protocol": "Tcp",
            "resource_group_name": "dummy"
          },
          "private": "bnVsbA==",
          "dependencies": [
            "azurerm_lb.azlb",
            "azurerm_public_ip.azlb"
          ]
        }
      ]
    },
    {
      "mode": "managed",
      "type": "azurerm_lb_probe",
      "name": "azlb",
      "each": "list",
      "provider": "provider.azurerm",
      "instances": [
        {
          "index_key": 0,
          "schema_version": 0,
          "attributes": {
            "id": "/subscriptions/b95112e4-7fe7-4f99-a2bd-65ec04aaa72e/resourceGroups/dummy/providers/Microsoft.Network/loadBalancers/azure_lb-lb/probes/http",
            "interval_in_seconds": 5,
            "load_balancer_rules": [
              "/subscriptions/b95112e4-7fe7-4f99-a2bd-65ec04aaa72e/resourceGroups/dummy/providers/Microsoft.Network/loadBalancers/azure_lb-lb/loadBalancingRules/http"
            ],
            "loadbalancer_id": "/subscriptions/b95112e4-7fe7-4f99-a2bd-65ec04aaa72e/resourceGroups/dummy/providers/Microsoft.Network/loadBalancers/azure_lb-lb",
            "location": null,
            "name": "http",
            "number_of_probes": 2,
            "port": 80,
            "protocol": "Tcp",
            "request_path": "",
            "resource_group_name": "dummy"
          },
          "private": "bnVsbA==",
          "dependencies": [
            "azurerm_lb.azlb",
            "azurerm_public_ip.azlb"
          ]
        },
        {
          "index_key": 1,
          "schema_version": 0,
          "attributes": {
            "id": "/subscriptions/b95112e4-7fe7-4f99-a2bd-65ec04aaa72e/resourceGroups/dummy/providers/Microsoft.Network/loadBalancers/azure_lb-lb/probes/https",
            "interval_in_seconds": 5,
            "load_balancer_rules": [
              "/subscriptions/b95112e4-7fe7-4f99-a2bd-65ec04aaa72e/resourceGroups/dummy/providers/Microsoft.Network/loadBalancers/azure_lb-lb/loadBalancingRules/https"
            ],
            "loadbalancer_id": "/subscriptions/b95112e4-7fe7-4f99-a2bd-65ec04aaa72e/resourceGroups/dummy/providers/Microsoft.Network/loadBalancers/azure_lb-lb",
            "location": null,
            "name": "https",
            "number_of_probes": 2,
            "port": 443,
            "protocol": "Tcp",
            "request_path": "",
            "resource_group_name": "dummy"
          },
          "private": "bnVsbA==",
          "dependencies": [
            "azurerm_lb.azlb",
            "azurerm_public_ip.azlb"
          ]
        }
      ]
    },
    {
      "mode": "managed",
      "type": "azurerm_lb_rule",
      "name": "azlb",
      "each": "list",
      "provider": "provider.azurerm",
      "instances": [
        {
          "index_key": 0,
          "schema_version": 0,
          "attributes": {
            "backend_address_pool_id": "/subscriptions/b95112e4-7fe7-4f99-a2bd-65ec04aaa72e/resourceGroups/dummy/providers/Microsoft.Network/loadBalancers/azure_lb-lb/backendAddressPools/azure_lb-BackEndAddressPool",
            "backend_port": 80,
            "disable_outbound_snat": false,
            "enable_floating_ip": false,
            "enable_tcp_reset": false,
            "frontend_ip_configuration_id": "/subscriptions/b95112e4-7fe7-4f99-a2bd-65ec04aaa72e/resourceGroups/dummy/providers/Microsoft.Network/loadBalancers/azure_lb-lb/frontendIPConfigurations/mypublicip",
            "frontend_ip_configuration_name": "mypublicip",
            "frontend_port": 80,
            "id": "/subscriptions/b95112e4-7fe7-4f99-a2bd-65ec04aaa72e/resourceGroups/dummy/providers/Microsoft.Network/loadBalancers/azure_lb-lb/loadBalancingRules/http",
            "idle_timeout_in_minutes": 5,
            "load_distribution": "Default",
            "loadbalancer_id": "/subscriptions/b95112e4-7fe7-4f99-a2bd-65ec04aaa72e/resourceGroups/dummy/providers/Microsoft.Network/loadBalancers/azure_lb-lb",
            "location": null,
            "name": "http",
            "probe_id": "/subscriptions/b95112e4-7fe7-4f99-a2bd-65ec04aaa72e/resourceGroups/dummy/providers/Microsoft.Network/loadBalancers/azure_lb-lb/probes/http",
            "protocol": "Tcp",
            "resource_group_name": "dummy"
          },
          "private": "bnVsbA==",
          "dependencies": [
            "azurerm_lb.azlb",
            "azurerm_lb_backend_address_pool.azlb",
            "azurerm_lb_probe.azlb",
            "azurerm_public_ip.azlb"
          ]
        },
        {
          "index_key": 1,
          "schema_version": 0,
          "attributes": {
            "backend_address_pool_id": "/subscriptions/b95112e4-7fe7-4f99-a2bd-65ec04aaa72e/resourceGroups/dummy/providers/Microsoft.Network/loadBalancers/azure_lb-lb/backendAddressPools/azure_lb-BackEndAddressPool",
            "backend_port": 443,
            "disable_outbound_snat": false,
            "enable_floating_ip": false,
            "enable_tcp_reset": false,
            "frontend_ip_configuration_id": "/subscriptions/b95112e4-7fe7-4f99-a2bd-65ec04aaa72e/resourceGroups/dummy/providers/Microsoft.Network/loadBalancers/azure_lb-lb/frontendIPConfigurations/mypublicip",
            "frontend_ip_configuration_name": "mypublicip",
            "frontend_port": 443,
            "id": "/subscriptions/b95112e4-7fe7-4f99-a2bd-65ec04aaa72e/resourceGroups/dummy/providers/Microsoft.Network/loadBalancers/azure_lb-lb/loadBalancingRules/https",
            "idle_timeout_in_minutes": 5,
            "load_distribution": "Default",
            "loadbalancer_id": "/subscriptions/b95112e4-7fe7-4f99-a2bd-65ec04aaa72e/resourceGroups/dummy/providers/Microsoft.Network/loadBalancers/azure_lb-lb",
            "location": null,
            "name": "https",
            "probe_id": "/subscriptions/b95112e4-7fe7-4f99-a2bd-65ec04aaa72e/resourceGroups/dummy/providers/Microsoft.Network/loadBalancers/azure_lb-lb/probes/https",
            "protocol": "Tcp",
            "resource_group_name": "dummy"
          },
          "private": "bnVsbA==",
          "dependencies": [
            "azurerm_lb.azlb",
            "azurerm_lb_backend_address_pool.azlb",
            "azurerm_lb_probe.azlb",
            "azurerm_public_ip.azlb"
          ]
        }
      ]
    },
    {
      "mode": "managed",
      "type": "azurerm_public_ip",
      "name": "azlb",
      "each": "list",
      "provider": "provider.azurerm",
      "instances": []
    }
  ]
}
